
Microsoft Visual Studio Solution File, Format Version 12.00
# Visual Studio Version 16
VisualStudioVersion = 16.0.31624.102
MinimumVisualStudioVersion = 10.0.40219.1
Project("{FAE04EC0-301F-11D3-BF4B-00C04F79EFBC}") = "cinto", "cinto.csproj", "{3241348F-52A2-4173-87F7-34C86B1BE8B6}"
EndProject
Project("{FAE04EC0-301F-11D3-BF4B-00C04F79EFBC}") = "Bank", "..\Bank\Bank.csproj", "{7E77BF1E-6440-4BE0-AEDF-E9E56D0F0C14}"
EndProject
Project("{FAE04EC0-301F-11D3-BF4B-00C04F79EFBC}") = "Delegaty", "..\Delegaty\Delegaty.csproj", "{30076CB6-9724-4B72-8BC9-ABAD45A13725}"
EndProject
Project("{9A19103F-16F7-4668-BE54-9A1E7A4F7556}") = "uno", "..\..\..\Music\3dg\Karol\uno\uno\uno\uno.csproj", "{9B8BAF1A-EA02-4240-AA24-D71C34C691C4}"
EndProject
Project("{FAE04EC0-301F-11D3-BF4B-00C04F79EFBC}") = "seis", "..\seis\seis.csproj", "{C70560AE-BCC6-4701-B41A-49C50809C394}"
EndProject
Project("{FAE04EC0-301F-11D3-BF4B-00C04F79EFBC}") = "Kolekcje", "..\Kolekcje\Kolekcje.csproj", "{9FD5B513-F1ED-49E0-AD3E-6CAD4F7E9F17}"
EndProject
Project("{FAE04EC0-301F-11D3-BF4B-00C04F79EFBC}") = "Opornik", "..\ConsoleApp1\Opornik.csproj", "{233E6008-3CA3-4D8F-8CEF-94BB193DBA64}"
EndProject
Project("{2150E333-8FDC-42A3-9474-1A3956D46DE8}") = "Konsola", "Konsola", "{D3BE6CAB-8A75-4974-AAD8-DB8587711CA3}"
EndProject
Project("{2150E333-8FDC-42A3-9474-1A3956D46DE8}") = "WinForms", "WinForms", "{2280FBA1-3D9D-404D-8CE7-AB3E715B5424}"
EndProject
Project("{FAE04EC0-301F-11D3-BF4B-00C04F79EFBC}") = "Pierwsze okienko", "..\Pierwsze okienko\Pierwsze okienko.csproj", "{9E28F1E5-7EA5-46F9-A10E-0A6FE0CE8DF2}"
EndProject
Project("{FAE04EC0-301F-11D3-BF4B-00C04F79EFBC}") = "Uciekaj", "..\Uciekaj\Uciekaj.csproj", "{354C087D-5FBC-4BDF-A529-390DD82098DF}"
EndProject
Global
	GlobalSection(SolutionConfigurationPlatforms) = preSolution
		Debug|Any CPU = Debug|Any CPU
		Release|Any CPU = Release|Any CPU
	EndGlobalSection
	GlobalSection(ProjectConfigurationPlatforms) = postSolution
		{3241348F-52A2-4173-87F7-34C86B1BE8B6}.Debug|Any CPU.ActiveCfg = Debug|Any CPU
		{3241348F-52A2-4173-87F7-34C86B1BE8B6}.Debug|Any CPU.Build.0 = Debug|Any CPU
		{3241348F-52A2-4173-87F7-34C86B1BE8B6}.Release|Any CPU.ActiveCfg = Release|Any CPU
		{3241348F-52A2-4173-87F7-34C86B1BE8B6}.Release|Any CPU.Build.0 = Release|Any CPU
		{7E77BF1E-6440-4BE0-AEDF-E9E56D0F0C14}.Debug|Any CPU.ActiveCfg = Debug|Any CPU
		{7E77BF1E-6440-4BE0-AEDF-E9E56D0F0C14}.Debug|Any CPU.Build.0 = Debug|Any CPU
		{7E77BF1E-6440-4BE0-AEDF-E9E56D0F0C14}.Release|Any CPU.ActiveCfg = Release|Any CPU
		{7E77BF1E-6440-4BE0-AEDF-E9E56D0F0C14}.Release|Any CPU.Build.0 = Release|Any CPU
		{30076CB6-9724-4B72-8BC9-ABAD45A13725}.Debug|Any CPU.ActiveCfg = Debug|Any CPU
		{30076CB6-9724-4B72-8BC9-ABAD45A13725}.Debug|Any CPU.Build.0 = Debug|Any CPU
		{30076CB6-9724-4B72-8BC9-ABAD45A13725}.Release|Any CPU.ActiveCfg = Release|Any CPU
		{30076CB6-9724-4B72-8BC9-ABAD45A13725}.Release|Any CPU.Build.0 = Release|Any CPU
		{9B8BAF1A-EA02-4240-AA24-D71C34C691C4}.Debug|Any CPU.ActiveCfg = Debug|Any CPU
		{9B8BAF1A-EA02-4240-AA24-D71C34C691C4}.Debug|Any CPU.Build.0 = Debug|Any CPU
		{9B8BAF1A-EA02-4240-AA24-D71C34C691C4}.Release|Any CPU.ActiveCfg = Release|Any CPU
		{9B8BAF1A-EA02-4240-AA24-D71C34C691C4}.Release|Any CPU.Build.0 = Release|Any CPU
		{C70560AE-BCC6-4701-B41A-49C50809C394}.Debug|Any CPU.ActiveCfg = Debug|Any CPU
		{C70560AE-BCC6-4701-B41A-49C50809C394}.Debug|Any CPU.Build.0 = Debug|Any CPU
		{C70560AE-BCC6-4701-B41A-49C50809C394}.Release|Any CPU.ActiveCfg = Release|Any CPU
		{C70560AE-BCC6-4701-B41A-49C50809C394}.Release|Any CPU.Build.0 = Release|Any CPU
		{9FD5B513-F1ED-49E0-AD3E-6CAD4F7E9F17}.Debug|Any CPU.ActiveCfg = Debug|Any CPU
		{9FD5B513-F1ED-49E0-AD3E-6CAD4F7E9F17}.Debug|Any CPU.Build.0 = Debug|Any CPU
		{9FD5B513-F1ED-49E0-AD3E-6CAD4F7E9F17}.Release|Any CPU.ActiveCfg = Release|Any CPU
		{9FD5B513-F1ED-49E0-AD3E-6CAD4F7E9F17}.Release|Any CPU.Build.0 = Release|Any CPU
		{233E6008-3CA3-4D8F-8CEF-94BB193DBA64}.Debug|Any CPU.ActiveCfg = Debug|Any CPU
		{233E6008-3CA3-4D8F-8CEF-94BB193DBA64}.Debug|Any CPU.Build.0 = Debug|Any CPU
		{233E6008-3CA3-4D8F-8CEF-94BB193DBA64}.Release|Any CPU.ActiveCfg = Release|Any CPU
		{233E6008-3CA3-4D8F-8CEF-94BB193DBA64}.Release|Any CPU.Build.0 = Release|Any CPU
		{9E28F1E5-7EA5-46F9-A10E-0A6FE0CE8DF2}.Debug|Any CPU.ActiveCfg = Debug|Any CPU
		{9E28F1E5-7EA5-46F9-A10E-0A6FE0CE8DF2}.Debug|Any CPU.Build.0 = Debug|Any CPU
		{9E28F1E5-7EA5-46F9-A10E-0A6FE0CE8DF2}.Release|Any CPU.ActiveCfg = Release|Any CPU
		{9E28F1E5-7EA5-46F9-A10E-0A6FE0CE8DF2}.Release|Any CPU.Build.0 = Release|Any CPU
		{354C087D-5FBC-4BDF-A529-390DD82098DF}.Debug|Any CPU.ActiveCfg = Debug|Any CPU
		{354C087D-5FBC-4BDF-A529-390DD82098DF}.Debug|Any CPU.Build.0 = Debug|Any CPU
		{354C087D-5FBC-4BDF-A529-390DD82098DF}.Release|Any CPU.ActiveCfg = Release|Any CPU
		{354C087D-5FBC-4BDF-A529-390DD82098DF}.Release|Any CPU.Build.0 = Release|Any CPU
	EndGlobalSection
	GlobalSection(SolutionProperties) = preSolution
		HideSolutionNode = FALSE
	EndGlobalSection
	GlobalSection(NestedProjects) = preSolution
		{3241348F-52A2-4173-87F7-34C86B1BE8B6} = {D3BE6CAB-8A75-4974-AAD8-DB8587711CA3}
		{7E77BF1E-6440-4BE0-AEDF-E9E56D0F0C14} = {D3BE6CAB-8A75-4974-AAD8-DB8587711CA3}
		{30076CB6-9724-4B72-8BC9-ABAD45A13725} = {D3BE6CAB-8A75-4974-AAD8-DB8587711CA3}
		{9B8BAF1A-EA02-4240-AA24-D71C34C691C4} = {D3BE6CAB-8A75-4974-AAD8-DB8587711CA3}
		{C70560AE-BCC6-4701-B41A-49C50809C394} = {D3BE6CAB-8A75-4974-AAD8-DB8587711CA3}
		{9FD5B513-F1ED-49E0-AD3E-6CAD4F7E9F17} = {D3BE6CAB-8A75-4974-AAD8-DB8587711CA3}
		{233E6008-3CA3-4D8F-8CEF-94BB193DBA64} = {D3BE6CAB-8A75-4974-AAD8-DB8587711CA3}
		{9E28F1E5-7EA5-46F9-A10E-0A6FE0CE8DF2} = {2280FBA1-3D9D-404D-8CE7-AB3E715B5424}
		{354C087D-5FBC-4BDF-A529-390DD82098DF} = {2280FBA1-3D9D-404D-8CE7-AB3E715B5424}
	EndGlobalSection
	GlobalSection(ExtensibilityGlobals) = postSolution
		SolutionGuid = {682A8EF5-005B-428C-920A-5B16570E4804}
	EndGlobalSection
EndGlobal
