
Microsoft Visual Studio Solution File, Format Version 12.00
# Visual Studio Version 17
VisualStudioVersion = 17.0.31903.59
MinimumVisualStudioVersion = 10.0.40219.1
Project("{FAE04EC0-301F-11D3-BF4B-00C04F79EFBC}") = "cinto", "cinto.csproj", "{3241348F-52A2-4173-87F7-34C86B1BE8B6}"
EndProject
Project("{FAE04EC0-301F-11D3-BF4B-00C04F79EFBC}") = "Delegaty", "..\Delegaty\Delegaty.csproj", "{30076CB6-9724-4B72-8BC9-ABAD45A13725}"
EndProject
Project("{2150E333-8FDC-42A3-9474-1A3956D46DE8}") = "Konsola", "Konsola", "{D3BE6CAB-8A75-4974-AAD8-DB8587711CA3}"
EndProject
Global
	GlobalSection(SolutionConfigurationPlatforms) = preSolution
		Debug|Any CPU = Debug|Any CPU
		Release|Any CPU = Release|Any CPU
	EndGlobalSection
	GlobalSection(ProjectConfigurationPlatforms) = postSolution
		{3241348F-52A2-4173-87F7-34C86B1BE8B6}.Debug|Any CPU.ActiveCfg = Debug|Any CPU
		{3241348F-52A2-4173-87F7-34C86B1BE8B6}.Debug|Any CPU.Build.0 = Debug|Any CPU
		{3241348F-52A2-4173-87F7-34C86B1BE8B6}.Release|Any CPU.ActiveCfg = Release|Any CPU
		{3241348F-52A2-4173-87F7-34C86B1BE8B6}.Release|Any CPU.Build.0 = Release|Any CPU
		{30076CB6-9724-4B72-8BC9-ABAD45A13725}.Debug|Any CPU.ActiveCfg = Debug|Any CPU
		{30076CB6-9724-4B72-8BC9-ABAD45A13725}.Debug|Any CPU.Build.0 = Debug|Any CPU
		{30076CB6-9724-4B72-8BC9-ABAD45A13725}.Release|Any CPU.ActiveCfg = Release|Any CPU
		{30076CB6-9724-4B72-8BC9-ABAD45A13725}.Release|Any CPU.Build.0 = Release|Any CPU
	EndGlobalSection
	GlobalSection(SolutionProperties) = preSolution
		HideSolutionNode = FALSE
	EndGlobalSection
	GlobalSection(NestedProjects) = preSolution
		{3241348F-52A2-4173-87F7-34C86B1BE8B6} = {D3BE6CAB-8A75-4974-AAD8-DB8587711CA3}
		{30076CB6-9724-4B72-8BC9-ABAD45A13725} = {D3BE6CAB-8A75-4974-AAD8-DB8587711CA3}
	EndGlobalSection
	GlobalSection(ExtensibilityGlobals) = postSolution
		SolutionGuid = {682A8EF5-005B-428C-920A-5B16570E4804}
	EndGlobalSection
EndGlobal
