
Microsoft Visual Studio Solution File, Format Version 12.00
# Visual Studio Version 16
VisualStudioVersion = 16.0.31624.102
MinimumVisualStudioVersion = 10.0.40219.1
Project("{9A19103F-16F7-4668-BE54-9A1E7A4F7556}") = "zadanie2", "zadanie2.csproj", "{743693A1-801B-40F0-995C-768E35116BAD}"
EndProject
Project("{9A19103F-16F7-4668-BE54-9A1E7A4F7556}") = "projekt2", "..\projekt2\projekt2.csproj", "{C1621500-8E7B-41C8-BFDD-2A199440477B}"
EndProject
Project("{9A19103F-16F7-4668-BE54-9A1E7A4F7556}") = "Projekt3", "..\Projekt3\Projekt3.csproj", "{D5CB016D-132B-497F-9442-C90AD7008533}"
EndProject
Project("{FAE04EC0-301F-11D3-BF4B-00C04F79EFBC}") = "Projekt4", "..\Projekt4\Projekt4.csproj", "{59B66AAA-7BEC-4B77-9EF8-3C55A49D5706}"
EndProject
Global
	GlobalSection(SolutionConfigurationPlatforms) = preSolution
		Debug|Any CPU = Debug|Any CPU
		Release|Any CPU = Release|Any CPU
	EndGlobalSection
	GlobalSection(ProjectConfigurationPlatforms) = postSolution
		{743693A1-801B-40F0-995C-768E35116BAD}.Debug|Any CPU.ActiveCfg = Debug|Any CPU
		{743693A1-801B-40F0-995C-768E35116BAD}.Debug|Any CPU.Build.0 = Debug|Any CPU
		{743693A1-801B-40F0-995C-768E35116BAD}.Release|Any CPU.ActiveCfg = Release|Any CPU
		{743693A1-801B-40F0-995C-768E35116BAD}.Release|Any CPU.Build.0 = Release|Any CPU
		{C1621500-8E7B-41C8-BFDD-2A199440477B}.Debug|Any CPU.ActiveCfg = Debug|Any CPU
		{C1621500-8E7B-41C8-BFDD-2A199440477B}.Debug|Any CPU.Build.0 = Debug|Any CPU
		{C1621500-8E7B-41C8-BFDD-2A199440477B}.Release|Any CPU.ActiveCfg = Release|Any CPU
		{C1621500-8E7B-41C8-BFDD-2A199440477B}.Release|Any CPU.Build.0 = Release|Any CPU
		{D5CB016D-132B-497F-9442-C90AD7008533}.Debug|Any CPU.ActiveCfg = Debug|Any CPU
		{D5CB016D-132B-497F-9442-C90AD7008533}.Debug|Any CPU.Build.0 = Debug|Any CPU
		{D5CB016D-132B-497F-9442-C90AD7008533}.Release|Any CPU.ActiveCfg = Release|Any CPU
		{D5CB016D-132B-497F-9442-C90AD7008533}.Release|Any CPU.Build.0 = Release|Any CPU
		{59B66AAA-7BEC-4B77-9EF8-3C55A49D5706}.Debug|Any CPU.ActiveCfg = Debug|Any CPU
		{59B66AAA-7BEC-4B77-9EF8-3C55A49D5706}.Debug|Any CPU.Build.0 = Debug|Any CPU
		{59B66AAA-7BEC-4B77-9EF8-3C55A49D5706}.Release|Any CPU.ActiveCfg = Release|Any CPU
		{59B66AAA-7BEC-4B77-9EF8-3C55A49D5706}.Release|Any CPU.Build.0 = Release|Any CPU
	EndGlobalSection
	GlobalSection(SolutionProperties) = preSolution
		HideSolutionNode = FALSE
	EndGlobalSection
	GlobalSection(ExtensibilityGlobals) = postSolution
		SolutionGuid = {F32D987A-3DFD-4716-A87F-C4417F8F234F}
	EndGlobalSection
EndGlobal
