
Microsoft Visual Studio Solution File, Format Version 12.00
# Visual Studio Version 16
VisualStudioVersion = 16.0.31624.102
MinimumVisualStudioVersion = 10.0.40219.1
Project("{FAE04EC0-301F-11D3-BF4B-00C04F79EFBC}") = "Kuta", "Kuta.csproj", "{EDCC5B34-98EB-49C9-A5E6-D082AF708E09}"
EndProject
Global
	GlobalSection(SolutionConfigurationPlatforms) = preSolution
		Debug|Any CPU = Debug|Any CPU
		Release|Any CPU = Release|Any CPU
	EndGlobalSection
	GlobalSection(ProjectConfigurationPlatforms) = postSolution
		{EDCC5B34-98EB-49C9-A5E6-D082AF708E09}.Debug|Any CPU.ActiveCfg = Debug|Any CPU
		{EDCC5B34-98EB-49C9-A5E6-D082AF708E09}.Debug|Any CPU.Build.0 = Debug|Any CPU
		{EDCC5B34-98EB-49C9-A5E6-D082AF708E09}.Release|Any CPU.ActiveCfg = Release|Any CPU
		{EDCC5B34-98EB-49C9-A5E6-D082AF708E09}.Release|Any CPU.Build.0 = Release|Any CPU
	EndGlobalSection
	GlobalSection(SolutionProperties) = preSolution
		HideSolutionNode = FALSE
	EndGlobalSection
	GlobalSection(ExtensibilityGlobals) = postSolution
		SolutionGuid = {B982D898-DA14-4ECC-8CE4-1A0279FD293B}
	EndGlobalSection
EndGlobal
