
Microsoft Visual Studio Solution File, Format Version 12.00
# Visual Studio Version 16
VisualStudioVersion = 16.0.31624.102
MinimumVisualStudioVersion = 10.0.40219.1
Project("{9A19103F-16F7-4668-BE54-9A1E7A4F7556}") = "Notatnik", "Notatnik.csproj", "{37B10C40-A3FA-48B4-B035-BA443D16129D}"
EndProject
Global
	GlobalSection(SolutionConfigurationPlatforms) = preSolution
		Debug|Any CPU = Debug|Any CPU
		Release|Any CPU = Release|Any CPU
	EndGlobalSection
	GlobalSection(ProjectConfigurationPlatforms) = postSolution
		{37B10C40-A3FA-48B4-B035-BA443D16129D}.Debug|Any CPU.ActiveCfg = Debug|Any CPU
		{37B10C40-A3FA-48B4-B035-BA443D16129D}.Debug|Any CPU.Build.0 = Debug|Any CPU
		{37B10C40-A3FA-48B4-B035-BA443D16129D}.Release|Any CPU.ActiveCfg = Release|Any CPU
		{37B10C40-A3FA-48B4-B035-BA443D16129D}.Release|Any CPU.Build.0 = Release|Any CPU
	EndGlobalSection
	GlobalSection(SolutionProperties) = preSolution
		HideSolutionNode = FALSE
	EndGlobalSection
	GlobalSection(ExtensibilityGlobals) = postSolution
		SolutionGuid = {65BD2E39-DA29-40F3-9287-CC8F061C8C31}
	EndGlobalSection
EndGlobal
