
Microsoft Visual Studio Solution File, Format Version 12.00
# Visual Studio Version 17
VisualStudioVersion = 17.0.31903.59
MinimumVisualStudioVersion = 10.0.40219.1
Project("{FAE04EC0-301F-11D3-BF4B-00C04F79EFBC}") = "Quizy", "Quizy\Quizy.csproj", "{036AAE8A-A794-49D6-9971-F1447879D470}"
EndProject
Project("{2150E333-8FDC-42A3-9474-1A3956D46DE8}") = "Quiz", "Quiz", "{11DCA00D-8C95-49ED-95A1-5C04DC82C21E}"
EndProject
Project("{FAE04EC0-301F-11D3-BF4B-00C04F79EFBC}") = "BazaDanych", "BazaDanych\BazaDanych.csproj", "{13E69595-E852-4EB0-B19F-B770BAA0E125}"
EndProject
Global
	GlobalSection(SolutionConfigurationPlatforms) = preSolution
		Debug|Any CPU = Debug|Any CPU
		Release|Any CPU = Release|Any CPU
	EndGlobalSection
	GlobalSection(ProjectConfigurationPlatforms) = postSolution
		{036AAE8A-A794-49D6-9971-F1447879D470}.Debug|Any CPU.ActiveCfg = Debug|Any CPU
		{036AAE8A-A794-49D6-9971-F1447879D470}.Debug|Any CPU.Build.0 = Debug|Any CPU
		{036AAE8A-A794-49D6-9971-F1447879D470}.Release|Any CPU.ActiveCfg = Release|Any CPU
		{036AAE8A-A794-49D6-9971-F1447879D470}.Release|Any CPU.Build.0 = Release|Any CPU
		{13E69595-E852-4EB0-B19F-B770BAA0E125}.Debug|Any CPU.ActiveCfg = Debug|Any CPU
		{13E69595-E852-4EB0-B19F-B770BAA0E125}.Debug|Any CPU.Build.0 = Debug|Any CPU
		{13E69595-E852-4EB0-B19F-B770BAA0E125}.Release|Any CPU.ActiveCfg = Release|Any CPU
		{13E69595-E852-4EB0-B19F-B770BAA0E125}.Release|Any CPU.Build.0 = Release|Any CPU
	EndGlobalSection
	GlobalSection(SolutionProperties) = preSolution
		HideSolutionNode = FALSE
	EndGlobalSection
	GlobalSection(NestedProjects) = preSolution
		{036AAE8A-A794-49D6-9971-F1447879D470} = {11DCA00D-8C95-49ED-95A1-5C04DC82C21E}
		{13E69595-E852-4EB0-B19F-B770BAA0E125} = {11DCA00D-8C95-49ED-95A1-5C04DC82C21E}
	EndGlobalSection
	GlobalSection(ExtensibilityGlobals) = postSolution
		SolutionGuid = {DB6CA6E2-897D-43D5-8D2C-A7ACF0780FC7}
	EndGlobalSection
EndGlobal
