
Microsoft Visual Studio Solution File, Format Version 12.00
# Visual Studio Version 16
VisualStudioVersion = 16.0.31624.102
MinimumVisualStudioVersion = 10.0.40219.1
Project("{FAE04EC0-301F-11D3-BF4B-00C04F79EFBC}") = "BazzzyDanych", "BazzzyDanych.csproj", "{8CA90672-DEF5-4831-ACFF-CC59EAC15D7C}"
EndProject
Global
	GlobalSection(SolutionConfigurationPlatforms) = preSolution
		Debug|Any CPU = Debug|Any CPU
		Release|Any CPU = Release|Any CPU
	EndGlobalSection
	GlobalSection(ProjectConfigurationPlatforms) = postSolution
		{8CA90672-DEF5-4831-ACFF-CC59EAC15D7C}.Debug|Any CPU.ActiveCfg = Debug|Any CPU
		{8CA90672-DEF5-4831-ACFF-CC59EAC15D7C}.Debug|Any CPU.Build.0 = Debug|Any CPU
		{8CA90672-DEF5-4831-ACFF-CC59EAC15D7C}.Release|Any CPU.ActiveCfg = Release|Any CPU
		{8CA90672-DEF5-4831-ACFF-CC59EAC15D7C}.Release|Any CPU.Build.0 = Release|Any CPU
	EndGlobalSection
	GlobalSection(SolutionProperties) = preSolution
		HideSolutionNode = FALSE
	EndGlobalSection
	GlobalSection(ExtensibilityGlobals) = postSolution
		SolutionGuid = {30FC47F6-6B83-46BE-99A2-F443E4A0617E}
	EndGlobalSection
EndGlobal
